<?xml version="1.0" encoding="utf-8"?>
<Project ToolsVersion="4.0" xmlns="http://schemas.microsoft.com/developer/msbuild/2003">
  <ItemGroup>
    <Filter Include="vtls">
      <UniqueIdentifier>{de57ab48-a532-4d9b-9305-e7a74fe848e8}</UniqueIdentifier>
    </Filter>
    <Filter Include="vauth">
      <UniqueIdentifier>{01e38354-7fa4-482c-ba09-b062a9d2edf7}</UniqueIdentifier>
    </Filter>
  </ItemGroup>
  <ItemGroup>
    <ClCompile Include="curl\lib\asyn-ares.c" />
    <ClCompile Include="curl\lib\asyn-thread.c" />
    <ClCompile Include="curl\lib\base64.c" />
    <ClCompile Include="curl\lib\conncache.c" />
    <ClCompile Include="curl\lib\connect.c" />
    <ClCompile Include="curl\lib\content_encoding.c" />
    <ClCompile Include="curl\lib\cookie.c" />
    <ClCompile Include="curl\lib\curl_addrinfo.c" />
    <ClCompile Include="curl\lib\curl_des.c" />
    <ClCompile Include="curl\lib\curl_endian.c" />
    <ClCompile Include="curl\lib\curl_fnmatch.c" />
    <ClCompile Include="curl\lib\curl_gethostname.c" />
    <ClCompile Include="curl\lib\curl_gssapi.c" />
    <ClCompile Include="curl\lib\curl_memrchr.c" />
    <ClCompile Include="curl\lib\curl_multibyte.c" />
    <ClCompile Include="curl\lib\curl_ntlm_core.c" />
    <ClCompile Include="curl\lib\curl_ntlm_wb.c" />
    <ClCompile Include="curl\lib\curl_path.c" />
    <ClCompile Include="curl\lib\curl_rtmp.c" />
    <ClCompile Include="curl\lib\curl_sasl.c" />
    <ClCompile Include="curl\lib\curl_sspi.c" />
    <ClCompile Include="curl\lib\curl_threads.c" />
    <ClCompile Include="curl\lib\dict.c" />
    <ClCompile Include="curl\lib\dotdot.c" />
    <ClCompile Include="curl\lib\easy.c" />
    <ClCompile Include="curl\lib\escape.c" />
    <ClCompile Include="curl\lib\file.c" />
    <ClCompile Include="curl\lib\fileinfo.c" />
    <ClCompile Include="curl\lib\formdata.c" />
    <ClCompile Include="curl\lib\ftp.c" />
    <ClCompile Include="curl\lib\ftplistparser.c" />
    <ClCompile Include="curl\lib\getenv.c" />
    <ClCompile Include="curl\lib\getinfo.c" />
    <ClCompile Include="curl\lib\gopher.c" />
    <ClCompile Include="curl\lib\hash.c" />
    <ClCompile Include="curl\lib\hmac.c" />
    <ClCompile Include="curl\lib\hostasyn.c" />
    <ClCompile Include="curl\lib\hostcheck.c" />
    <ClCompile Include="curl\lib\hostip.c" />
    <ClCompile Include="curl\lib\hostip4.c" />
    <ClCompile Include="curl\lib\hostip6.c" />
    <ClCompile Include="curl\lib\hostsyn.c" />
    <ClCompile Include="curl\lib\http.c" />
    <ClCompile Include="curl\lib\http_chunks.c" />
    <ClCompile Include="curl\lib\http_digest.c" />
    <ClCompile Include="curl\lib\http_negotiate.c" />
    <ClCompile Include="curl\lib\http_ntlm.c" />
    <ClCompile Include="curl\lib\http_proxy.c" />
    <ClCompile Include="curl\lib\http2.c" />
    <ClCompile Include="curl\lib\idn_win32.c" />
    <ClCompile Include="curl\lib\if2ip.c" />
    <ClCompile Include="curl\lib\imap.c" />
    <ClCompile Include="curl\lib\inet_ntop.c" />
    <ClCompile Include="curl\lib\inet_pton.c" />
    <ClCompile Include="curl\lib\krb5.c" />
    <ClCompile Include="curl\lib\ldap.c" />
    <ClCompile Include="curl\lib\llist.c" />
    <ClCompile Include="curl\lib\md4.c" />
    <ClCompile Include="curl\lib\md5.c" />
    <ClCompile Include="curl\lib\memdebug.c" />
    <ClCompile Include="curl\lib\mime.c" />
    <ClCompile Include="curl\lib\mprintf.c" />
    <ClCompile Include="curl\lib\multi.c" />
    <ClCompile Include="curl\lib\netrc.c" />
    <ClCompile Include="curl\lib\non-ascii.c" />
    <ClCompile Include="curl\lib\nonblock.c" />
    <ClCompile Include="curl\lib\nwlib.c" />
    <ClCompile Include="curl\lib\nwos.c" />
    <ClCompile Include="curl\lib\openldap.c" />
    <ClCompile Include="curl\lib\parsedate.c" />
    <ClCompile Include="curl\lib\pingpong.c" />
    <ClCompile Include="curl\lib\pipeline.c" />
    <ClCompile Include="curl\lib\pop3.c" />
    <ClCompile Include="curl\lib\progress.c" />
    <ClCompile Include="curl\lib\rand.c" />
    <ClCompile Include="curl\lib\rtsp.c" />
    <ClCompile Include="curl\lib\security.c" />
    <ClCompile Include="curl\lib\select.c" />
    <ClCompile Include="curl\lib\sendf.c" />
    <ClCompile Include="curl\lib\setopt.c" />
    <ClCompile Include="curl\lib\sha256.c" />
    <ClCompile Include="curl\lib\share.c" />
    <ClCompile Include="curl\lib\slist.c" />
    <ClCompile Include="curl\lib\smb.c" />
    <ClCompile Include="curl\lib\smtp.c" />
    <ClCompile Include="curl\lib\socks.c" />
    <ClCompile Include="curl\lib\socks_gssapi.c" />
    <ClCompile Include="curl\lib\socks_sspi.c" />
    <ClCompile Include="curl\lib\speedcheck.c" />
    <ClCompile Include="curl\lib\splay.c" />
    <ClCompile Include="curl\lib\ssh.c" />
    <ClCompile Include="curl\lib\ssh-libssh.c" />
    <ClCompile Include="curl\lib\strcase.c" />
    <ClCompile Include="curl\lib\strdup.c" />
    <ClCompile Include="curl\lib\strerror.c" />
    <ClCompile Include="curl\lib\strtok.c" />
    <ClCompile Include="curl\lib\strtoofft.c" />
    <ClCompile Include="curl\lib\system_win32.c" />
    <ClCompile Include="curl\lib\telnet.c" />
    <ClCompile Include="curl\lib\tftp.c" />
    <ClCompile Include="curl\lib\timeval.c" />
    <ClCompile Include="curl\lib\transfer.c" />
    <ClCompile Include="curl\lib\url.c" />
    <ClCompile Include="curl\lib\warnless.c" />
    <ClCompile Include="curl\lib\version.c" />
    <ClCompile Include="curl\lib\wildcard.c" />
    <ClCompile Include="curl\lib\x509asn1.c" />
    <ClCompile Include="curl\lib\vauth\cleartext.c">
      <Filter>vauth</Filter>
    </ClCompile>
    <ClCompile Include="curl\lib\vauth\cram.c">
      <Filter>vauth</Filter>
    </ClCompile>
    <ClCompile Include="curl\lib\vauth\digest.c">
      <Filter>vauth</Filter>
    </ClCompile>
    <ClCompile Include="curl\lib\vauth\digest_sspi.c">
      <Filter>vauth</Filter>
    </ClCompile>
    <ClCompile Include="curl\lib\vauth\krb5_gssapi.c">
      <Filter>vauth</Filter>
    </ClCompile>
    <ClCompile Include="curl\lib\vauth\krb5_sspi.c">
      <Filter>vauth</Filter>
    </ClCompile>
    <ClCompile Include="curl\lib\vauth\ntlm.c">
      <Filter>vauth</Filter>
    </ClCompile>
    <ClCompile Include="curl\lib\vauth\ntlm_sspi.c">
      <Filter>vauth</Filter>
    </ClCompile>
    <ClCompile Include="curl\lib\vauth\oauth2.c">
      <Filter>vauth</Filter>
    </ClCompile>
    <ClCompile Include="curl\lib\vauth\spnego_gssapi.c">
      <Filter>vauth</Filter>
    </ClCompile>
    <ClCompile Include="curl\lib\vauth\spnego_sspi.c">
      <Filter>vauth</Filter>
    </ClCompile>
    <ClCompile Include="curl\lib\vauth\vauth.c">
      <Filter>vauth</Filter>
    </ClCompile>
    <ClCompile Include="curl\lib\vtls\axtls.c">
      <Filter>vtls</Filter>
    </ClCompile>
    <ClCompile Include="curl\lib\vtls\cyassl.c">
      <Filter>vtls</Filter>
    </ClCompile>
    <ClCompile Include="curl\lib\vtls\darwinssl.c">
      <Filter>vtls</Filter>
    </ClCompile>
    <ClCompile Include="curl\lib\vtls\gskit.c">
      <Filter>vtls</Filter>
    </ClCompile>
    <ClCompile Include="curl\lib\vtls\gtls.c">
      <Filter>vtls</Filter>
    </ClCompile>
    <ClCompile Include="curl\lib\vtls\mbedtls.c">
      <Filter>vtls</Filter>
    </ClCompile>
    <ClCompile Include="curl\lib\vtls\nss.c">
      <Filter>vtls</Filter>
    </ClCompile>
    <ClCompile Include="curl\lib\vtls\openssl.c">
      <Filter>vtls</Filter>
    </ClCompile>
    <ClCompile Include="curl\lib\vtls\polarssl.c">
      <Filter>vtls</Filter>
    </ClCompile>
    <ClCompile Include="curl\lib\vtls\polarssl_threadlock.c">
      <Filter>vtls</Filter>
    </ClCompile>
    <ClCompile Include="curl\lib\vtls\schannel.c">
      <Filter>vtls</Filter>
    </ClCompile>
    <ClCompile Include="curl\lib\vtls\vtls.c">
      <Filter>vtls</Filter>
    </ClCompile>
  </ItemGroup>
</Project>